// !$*UTF8*$!
{
	archiveVersion = 1;
	classes = {
	};
	objectVersion = 46;
	objects = {

/* Begin PBXBuildFile section */
		50703AE71D7EACB8001DAF45 /* AppDelegate.swift in Sources */ = {isa = PBXBuildFile; fileRef = 50703AE61D7EACB8001DAF45 /* AppDelegate.swift */; };
		50703AE91D7EACB8001DAF45 /* Document.swift in Sources */ = {isa = PBXBuildFile; fileRef = 50703AE81D7EACB8001DAF45 /* Document.swift */; };
		50703AEC1D7EACB8001DAF45 /* Document.xib in Resources */ = {isa = PBXBuildFile; fileRef = 50703AEA1D7EACB8001DAF45 /* Document.xib */; };
		50703AEE1D7EACB8001DAF45 /* Assets.xcassets in Resources */ = {isa = PBXBuildFile; fileRef = 50703AED1D7EACB8001DAF45 /* Assets.xcassets */; };
		50703AF11D7EACB8001DAF45 /* MainMenu.xib in Resources */ = {isa = PBXBuildFile; fileRef = 50703AEF1D7EACB8001DAF45 /* MainMenu.xib */; };
		50703B0A1D7EAD09001DAF45 /* ToDoList.swift in Sources */ = {isa = PBXBuildFile; fileRef = 50703B061D7EAD09001DAF45 /* ToDoList.swift */; };
		50703B0B1D7EAD09001DAF45 /* ToDo.swift in Sources */ = {isa = PBXBuildFile; fileRef = 50703B071D7EAD09001DAF45 /* ToDo.swift */; };
		50703B0C1D7EAD09001DAF45 /* ToDoActions.swift in Sources */ = {isa = PBXBuildFile; fileRef = 50703B081D7EAD09001DAF45 /* ToDoActions.swift */; };
		50703B0D1D7EAD09001DAF45 /* ToDoID.swift in Sources */ = {isa = PBXBuildFile; fileRef = 50703B091D7EAD09001DAF45 /* ToDoID.swift */; };
		50703B131D7EADDA001DAF45 /* ReSwift.framework in Frameworks */ = {isa = PBXBuildFile; fileRef = 50703B111D7EADD2001DAF45 /* ReSwift.framework */; };
		50703B141D7EADDA001DAF45 /* ReSwift.framework in Embed Frameworks */ = {isa = PBXBuildFile; fileRef = 50703B111D7EADD2001DAF45 /* ReSwift.framework */; settings = {ATTRIBUTES = (CodeSignOnCopy, RemoveHeadersOnCopy, ); }; };
		50703B1D1D7EAE36001DAF45 /* ToDoListTests.swift in Sources */ = {isa = PBXBuildFile; fileRef = 50703B1B1D7EAE36001DAF45 /* ToDoListTests.swift */; };
		50703B1E1D7EAE36001DAF45 /* ToDoTests.swift in Sources */ = {isa = PBXBuildFile; fileRef = 50703B1C1D7EAE36001DAF45 /* ToDoTests.swift */; };
/* End PBXBuildFile section */

/* Begin PBXContainerItemProxy section */
		50703AF81D7EACB8001DAF45 /* PBXContainerItemProxy */ = {
			isa = PBXContainerItemProxy;
			containerPortal = 50703ADB1D7EACB8001DAF45 /* Project object */;
			proxyType = 1;
			remoteGlobalIDString = 50703AE21D7EACB8001DAF45;
			remoteInfo = "ReSwift-Todo";
		};
/* End PBXContainerItemProxy section */

/* Begin PBXCopyFilesBuildPhase section */
		50703B151D7EADDA001DAF45 /* Embed Frameworks */ = {
			isa = PBXCopyFilesBuildPhase;
			buildActionMask = 2147483647;
			dstPath = "";
			dstSubfolderSpec = 10;
			files = (
				50703B141D7EADDA001DAF45 /* ReSwift.framework in Embed Frameworks */,
			);
			name = "Embed Frameworks";
			runOnlyForDeploymentPostprocessing = 0;
		};
/* End PBXCopyFilesBuildPhase section */

/* Begin PBXFileReference section */
		50703AE31D7EACB8001DAF45 /* ReSwift-Todo.app */ = {isa = PBXFileReference; explicitFileType = wrapper.application; includeInIndex = 0; path = "ReSwift-Todo.app"; sourceTree = BUILT_PRODUCTS_DIR; };
		50703AE61D7EACB8001DAF45 /* AppDelegate.swift */ = {isa = PBXFileReference; lastKnownFileType = sourcecode.swift; path = AppDelegate.swift; sourceTree = "<group>"; };
		50703AE81D7EACB8001DAF45 /* Document.swift */ = {isa = PBXFileReference; lastKnownFileType = sourcecode.swift; path = Document.swift; sourceTree = "<group>"; };
		50703AEB1D7EACB8001DAF45 /* Base */ = {isa = PBXFileReference; lastKnownFileType = file.xib; name = Base; path = Base.lproj/Document.xib; sourceTree = "<group>"; };
		50703AED1D7EACB8001DAF45 /* Assets.xcassets */ = {isa = PBXFileReference; lastKnownFileType = folder.assetcatalog; path = Assets.xcassets; sourceTree = "<group>"; };
		50703AF01D7EACB8001DAF45 /* Base */ = {isa = PBXFileReference; lastKnownFileType = file.xib; name = Base; path = Base.lproj/MainMenu.xib; sourceTree = "<group>"; };
		50703AF21D7EACB8001DAF45 /* Info.plist */ = {isa = PBXFileReference; lastKnownFileType = text.plist.xml; path = Info.plist; sourceTree = "<group>"; };
		50703AF71D7EACB8001DAF45 /* ReSwift-TodoTests.xctest */ = {isa = PBXFileReference; explicitFileType = wrapper.cfbundle; includeInIndex = 0; path = "ReSwift-TodoTests.xctest"; sourceTree = BUILT_PRODUCTS_DIR; };
		50703AFD1D7EACB8001DAF45 /* Info.plist */ = {isa = PBXFileReference; lastKnownFileType = text.plist.xml; path = Info.plist; sourceTree = "<group>"; };
		50703B061D7EAD09001DAF45 /* ToDoList.swift */ = {isa = PBXFileReference; fileEncoding = 4; lastKnownFileType = sourcecode.swift; path = ToDoList.swift; sourceTree = "<group>"; };
		50703B071D7EAD09001DAF45 /* ToDo.swift */ = {isa = PBXFileReference; fileEncoding = 4; lastKnownFileType = sourcecode.swift; path = ToDo.swift; sourceTree = "<group>"; };
		50703B081D7EAD09001DAF45 /* ToDoActions.swift */ = {isa = PBXFileReference; fileEncoding = 4; lastKnownFileType = sourcecode.swift; path = ToDoActions.swift; sourceTree = "<group>"; };
		50703B091D7EAD09001DAF45 /* ToDoID.swift */ = {isa = PBXFileReference; fileEncoding = 4; lastKnownFileType = sourcecode.swift; path = ToDoID.swift; sourceTree = "<group>"; };
		50703B111D7EADD2001DAF45 /* ReSwift.framework */ = {isa = PBXFileReference; lastKnownFileType = wrapper.framework; name = ReSwift.framework; path = Carthage/Build/Mac/ReSwift.framework; sourceTree = "<group>"; };
		50703B1B1D7EAE36001DAF45 /* ToDoListTests.swift */ = {isa = PBXFileReference; fileEncoding = 4; lastKnownFileType = sourcecode.swift; path = ToDoListTests.swift; sourceTree = "<group>"; };
		50703B1C1D7EAE36001DAF45 /* ToDoTests.swift */ = {isa = PBXFileReference; fileEncoding = 4; lastKnownFileType = sourcecode.swift; path = ToDoTests.swift; sourceTree = "<group>"; };
/* End PBXFileReference section */

/* Begin PBXFrameworksBuildPhase section */
		50703AE01D7EACB8001DAF45 /* Frameworks */ = {
			isa = PBXFrameworksBuildPhase;
			buildActionMask = 2147483647;
			files = (
				50703B131D7EADDA001DAF45 /* ReSwift.framework in Frameworks */,
			);
			runOnlyForDeploymentPostprocessing = 0;
		};
		50703AF41D7EACB8001DAF45 /* Frameworks */ = {
			isa = PBXFrameworksBuildPhase;
			buildActionMask = 2147483647;
			files = (
			);
			runOnlyForDeploymentPostprocessing = 0;
		};
/* End PBXFrameworksBuildPhase section */

/* Begin PBXGroup section */
		50703ADA1D7EACB8001DAF45 = {
			isa = PBXGroup;
			children = (
				50703AE51D7EACB8001DAF45 /* ReSwift-Todo */,
				50703AFA1D7EACB8001DAF45 /* ReSwift-TodoTests */,
				50703AE41D7EACB8001DAF45 /* Products */,
				50703B101D7EADC2001DAF45 /* Frameworks */,
			);
			sourceTree = "<group>";
		};
		50703AE41D7EACB8001DAF45 /* Products */ = {
			isa = PBXGroup;
			children = (
				50703AE31D7EACB8001DAF45 /* ReSwift-Todo.app */,
				50703AF71D7EACB8001DAF45 /* ReSwift-TodoTests.xctest */,
			);
			name = Products;
			sourceTree = "<group>";
		};
		50703AE51D7EACB8001DAF45 /* ReSwift-Todo */ = {
			isa = PBXGroup;
			children = (
				50703AE61D7EACB8001DAF45 /* AppDelegate.swift */,
				50703AE81D7EACB8001DAF45 /* Document.swift */,
				50703AEA1D7EACB8001DAF45 /* Document.xib */,
				50703AED1D7EACB8001DAF45 /* Assets.xcassets */,
				50703AEF1D7EACB8001DAF45 /* MainMenu.xib */,
				50703AF21D7EACB8001DAF45 /* Info.plist */,
				50703B0F1D7EAD15001DAF45 /* Model */,
			);
			path = "ReSwift-Todo";
			sourceTree = "<group>";
		};
		50703AFA1D7EACB8001DAF45 /* ReSwift-TodoTests */ = {
			isa = PBXGroup;
			children = (
				50703B1F1D7EAE3A001DAF45 /* Model */,
				50703AFD1D7EACB8001DAF45 /* Info.plist */,
			);
			path = "ReSwift-TodoTests";
			sourceTree = "<group>";
		};
		50703B0F1D7EAD15001DAF45 /* Model */ = {
			isa = PBXGroup;
			children = (
				50703B061D7EAD09001DAF45 /* ToDoList.swift */,
				50703B071D7EAD09001DAF45 /* ToDo.swift */,
				50703B081D7EAD09001DAF45 /* ToDoActions.swift */,
				50703B091D7EAD09001DAF45 /* ToDoID.swift */,
			);
			name = Model;
			sourceTree = "<group>";
		};
		50703B101D7EADC2001DAF45 /* Frameworks */ = {
			isa = PBXGroup;
			children = (
				50703B111D7EADD2001DAF45 /* ReSwift.framework */,
			);
			name = Frameworks;
			sourceTree = "<group>";
		};
		50703B1F1D7EAE3A001DAF45 /* Model */ = {
			isa = PBXGroup;
			children = (
				50703B1B1D7EAE36001DAF45 /* ToDoListTests.swift */,
				50703B1C1D7EAE36001DAF45 /* ToDoTests.swift */,
			);
			name = Model;
			sourceTree = "<group>";
		};
/* End PBXGroup section */

/* Begin PBXNativeTarget section */
		50703AE21D7EACB8001DAF45 /* ReSwift-Todo */ = {
			isa = PBXNativeTarget;
			buildConfigurationList = 50703B001D7EACB8001DAF45 /* Build configuration list for PBXNativeTarget "ReSwift-Todo" */;
			buildPhases = (
				50703ADF1D7EACB8001DAF45 /* Sources */,
				50703AE01D7EACB8001DAF45 /* Frameworks */,
				50703AE11D7EACB8001DAF45 /* Resources */,
				50703B151D7EADDA001DAF45 /* Embed Frameworks */,
			);
			buildRules = (
			);
			dependencies = (
			);
			name = "ReSwift-Todo";
			productName = "ReSwift-Todo";
			productReference = 50703AE31D7EACB8001DAF45 /* ReSwift-Todo.app */;
			productType = "com.apple.product-type.application";
		};
		50703AF61D7EACB8001DAF45 /* ReSwift-TodoTests */ = {
			isa = PBXNativeTarget;
			buildConfigurationList = 50703B031D7EACB8001DAF45 /* Build configuration list for PBXNativeTarget "ReSwift-TodoTests" */;
			buildPhases = (
				50703AF31D7EACB8001DAF45 /* Sources */,
				50703AF41D7EACB8001DAF45 /* Frameworks */,
				50703AF51D7EACB8001DAF45 /* Resources */,
			);
			buildRules = (
			);
			dependencies = (
				50703AF91D7EACB8001DAF45 /* PBXTargetDependency */,
			);
			name = "ReSwift-TodoTests";
			productName = "ReSwift-TodoTests";
			productReference = 50703AF71D7EACB8001DAF45 /* ReSwift-TodoTests.xctest */;
			productType = "com.apple.product-type.bundle.unit-test";
		};
/* End PBXNativeTarget section */

/* Begin PBXProject section */
		50703ADB1D7EACB8001DAF45 /* Project object */ = {
			isa = PBXProject;
			attributes = {
				LastSwiftUpdateCheck = 0730;
				LastUpgradeCheck = 0730;
				ORGANIZATIONNAME = "Christian Tietze";
				TargetAttributes = {
					50703AE21D7EACB8001DAF45 = {
						CreatedOnToolsVersion = 7.3.1;
					};
					50703AF61D7EACB8001DAF45 = {
						CreatedOnToolsVersion = 7.3.1;
						TestTargetID = 50703AE21D7EACB8001DAF45;
					};
				};
			};
			buildConfigurationList = 50703ADE1D7EACB8001DAF45 /* Build configuration list for PBXProject "ReSwift-Todo" */;
			compatibilityVersion = "Xcode 3.2";
			developmentRegion = English;
			hasScannedForEncodings = 0;
			knownRegions = (
				en,
				Base,
			);
			mainGroup = 50703ADA1D7EACB8001DAF45;
			productRefGroup = 50703AE41D7EACB8001DAF45 /* Products */;
			projectDirPath = "";
			projectRoot = "";
			targets = (
				50703AE21D7EACB8001DAF45 /* ReSwift-Todo */,
				50703AF61D7EACB8001DAF45 /* ReSwift-TodoTests */,
			);
		};
/* End PBXProject section */

/* Begin PBXResourcesBuildPhase section */
		50703AE11D7EACB8001DAF45 /* Resources */ = {
			isa = PBXResourcesBuildPhase;
			buildActionMask = 2147483647;
			files = (
				50703AEE1D7EACB8001DAF45 /* Assets.xcassets in Resources */,
				50703AEC1D7EACB8001DAF45 /* Document.xib in Resources */,
				50703AF11D7EACB8001DAF45 /* MainMenu.xib in Resources */,
			);
			runOnlyForDeploymentPostprocessing = 0;
		};
		50703AF51D7EACB8001DAF45 /* Resources */ = {
			isa = PBXResourcesBuildPhase;
			buildActionMask = 2147483647;
			files = (
			);
			runOnlyForDeploymentPostprocessing = 0;
		};
/* End PBXResourcesBuildPhase section */

/* Begin PBXSourcesBuildPhase section */
		50703ADF1D7EACB8001DAF45 /* Sources */ = {
			isa = PBXSourcesBuildPhase;
			buildActionMask = 2147483647;
			files = (
				50703AE91D7EACB8001DAF45 /* Document.swift in Sources */,
				50703B0A1D7EAD09001DAF45 /* ToDoList.swift in Sources */,
				50703B0D1D7EAD09001DAF45 /* ToDoID.swift in Sources */,
				50703B0C1D7EAD09001DAF45 /* ToDoActions.swift in Sources */,
				50703AE71D7EACB8001DAF45 /* AppDelegate.swift in Sources */,
				50703B0B1D7EAD09001DAF45 /* ToDo.swift in Sources */,
			);
			runOnlyForDeploymentPostprocessing = 0;
		};
		50703AF31D7EACB8001DAF45 /* Sources */ = {
			isa = PBXSourcesBuildPhase;
			buildActionMask = 2147483647;
			files = (
				50703B1D1D7EAE36001DAF45 /* ToDoListTests.swift in Sources */,
				50703B1E1D7EAE36001DAF45 /* ToDoTests.swift in Sources */,
			);
			runOnlyForDeploymentPostprocessing = 0;
		};
/* End PBXSourcesBuildPhase section */

/* Begin PBXTargetDependency section */
		50703AF91D7EACB8001DAF45 /* PBXTargetDependency */ = {
			isa = PBXTargetDependency;
			target = 50703AE21D7EACB8001DAF45 /* ReSwift-Todo */;
			targetProxy = 50703AF81D7EACB8001DAF45 /* PBXContainerItemProxy */;
		};
/* End PBXTargetDependency section */

/* Begin PBXVariantGroup section */
		50703AEA1D7EACB8001DAF45 /* Document.xib */ = {
			isa = PBXVariantGroup;
			children = (
				50703AEB1D7EACB8001DAF45 /* Base */,
			);
			name = Document.xib;
			sourceTree = "<group>";
		};
		50703AEF1D7EACB8001DAF45 /* MainMenu.xib */ = {
			isa = PBXVariantGroup;
			children = (
				50703AF01D7EACB8001DAF45 /* Base */,
			);
			name = MainMenu.xib;
			sourceTree = "<group>";
		};
/* End PBXVariantGroup section */

/* Begin XCBuildConfiguration section */
		50703AFE1D7EACB8001DAF45 /* Debug */ = {
			isa = XCBuildConfiguration;
			buildSettings = {
				ALWAYS_SEARCH_USER_PATHS = NO;
				CLANG_ANALYZER_NONNULL = YES;
				CLANG_CXX_LANGUAGE_STANDARD = "gnu++0x";
				CLANG_CXX_LIBRARY = "libc++";
				CLANG_ENABLE_MODULES = YES;
				CLANG_ENABLE_OBJC_ARC = YES;
				CLANG_WARN_BOOL_CONVERSION = YES;
				CLANG_WARN_CONSTANT_CONVERSION = YES;
				CLANG_WARN_DIRECT_OBJC_ISA_USAGE = YES_ERROR;
				CLANG_WARN_EMPTY_BODY = YES;
				CLANG_WARN_ENUM_CONVERSION = YES;
				CLANG_WARN_INT_CONVERSION = YES;
				CLANG_WARN_OBJC_ROOT_CLASS = YES_ERROR;
				CLANG_WARN_UNREACHABLE_CODE = YES;
				CLANG_WARN__DUPLICATE_METHOD_MATCH = YES;
				CODE_SIGN_IDENTITY = "-";
				COPY_PHASE_STRIP = NO;
				DEBUG_INFORMATION_FORMAT = dwarf;
				ENABLE_STRICT_OBJC_MSGSEND = YES;
				ENABLE_TESTABILITY = YES;
				GCC_C_LANGUAGE_STANDARD = gnu99;
				GCC_DYNAMIC_NO_PIC = NO;
				GCC_NO_COMMON_BLOCKS = YES;
				GCC_OPTIMIZATION_LEVEL = 0;
				GCC_PREPROCESSOR_DEFINITIONS = (
					"DEBUG=1",
					"$(inherited)",
				);
				GCC_WARN_64_TO_32_BIT_CONVERSION = YES;
				GCC_WARN_ABOUT_RETURN_TYPE = YES_ERROR;
				GCC_WARN_UNDECLARED_SELECTOR = YES;
				GCC_WARN_UNINITIALIZED_AUTOS = YES_AGGRESSIVE;
				GCC_WARN_UNUSED_FUNCTION = YES;
				GCC_WARN_UNUSED_VARIABLE = YES;
				MACOSX_DEPLOYMENT_TARGET = 10.11;
				MTL_ENABLE_DEBUG_INFO = YES;
				ONLY_ACTIVE_ARCH = YES;
				SDKROOT = macosx;
				SWIFT_OPTIMIZATION_LEVEL = "-Onone";
			};
			name = Debug;
		};
		50703AFF1D7EACB8001DAF45 /* Release */ = {
			isa = XCBuildConfiguration;
			buildSettings = {
				ALWAYS_SEARCH_USER_PATHS = NO;
				CLANG_ANALYZER_NONNULL = YES;
				CLANG_CXX_LANGUAGE_STANDARD = "gnu++0x";
				CLANG_CXX_LIBRARY = "libc++";
				CLANG_ENABLE_MODULES = YES;
				CLANG_ENABLE_OBJC_ARC = YES;
				CLANG_WARN_BOOL_CONVERSION = YES;
				CLANG_WARN_CONSTANT_CONVERSION = YES;
				CLANG_WARN_DIRECT_OBJC_ISA_USAGE = YES_ERROR;
				CLANG_WARN_EMPTY_BODY = YES;
				CLANG_WARN_ENUM_CONVERSION = YES;
				CLANG_WARN_INT_CONVERSION = YES;
				CLANG_WARN_OBJC_ROOT_CLASS = YES_ERROR;
				CLANG_WARN_UNREACHABLE_CODE = YES;
				CLANG_WARN__DUPLICATE_METHOD_MATCH = YES;
				CODE_SIGN_IDENTITY = "-";
				COPY_PHASE_STRIP = NO;
				DEBUG_INFORMATION_FORMAT = "dwarf-with-dsym";
				ENABLE_NS_ASSERTIONS = NO;
				ENABLE_STRICT_OBJC_MSGSEND = YES;
				GCC_C_LANGUAGE_STANDARD = gnu99;
				GCC_NO_COMMON_BLOCKS = YES;
				GCC_WARN_64_TO_32_BIT_CONVERSION = YES;
				GCC_WARN_ABOUT_RETURN_TYPE = YES_ERROR;
				GCC_WARN_UNDECLARED_SELECTOR = YES;
				GCC_WARN_UNINITIALIZED_AUTOS = YES_AGGRESSIVE;
				GCC_WARN_UNUSED_FUNCTION = YES;
				GCC_WARN_UNUSED_VARIABLE = YES;
				MACOSX_DEPLOYMENT_TARGET = 10.11;
				MTL_ENABLE_DEBUG_INFO = NO;
				SDKROOT = macosx;
			};
			name = Release;
		};
		50703B011D7EACB8001DAF45 /* Debug */ = {
			isa = XCBuildConfiguration;
			buildSettings = {
				ASSETCATALOG_COMPILER_APPICON_NAME = AppIcon;
				COMBINE_HIDPI_IMAGES = YES;
				FRAMEWORK_SEARCH_PATHS = (
					"$(inherited)",
					"$(PROJECT_DIR)/Carthage/Build/Mac",
				);
				INFOPLIST_FILE = "ReSwift-Todo/Info.plist";
				LD_RUNPATH_SEARCH_PATHS = "$(inherited) @executable_path/../Frameworks";
				PRODUCT_BUNDLE_IDENTIFIER = "reswift.github.io.ReSwift-Todo";
				PRODUCT_MODULE_NAME = ReSwiftTodo;
				PRODUCT_NAME = "$(TARGET_NAME)";
			};
			name = Debug;
		};
		50703B021D7EACB8001DAF45 /* Release */ = {
			isa = XCBuildConfiguration;
			buildSettings = {
				ASSETCATALOG_COMPILER_APPICON_NAME = AppIcon;
				COMBINE_HIDPI_IMAGES = YES;
				FRAMEWORK_SEARCH_PATHS = (
					"$(inherited)",
					"$(PROJECT_DIR)/Carthage/Build/Mac",
				);
				INFOPLIST_FILE = "ReSwift-Todo/Info.plist";
				LD_RUNPATH_SEARCH_PATHS = "$(inherited) @executable_path/../Frameworks";
				PRODUCT_BUNDLE_IDENTIFIER = "reswift.github.io.ReSwift-Todo";
				PRODUCT_MODULE_NAME = ReSwiftTodo;
				PRODUCT_NAME = "$(TARGET_NAME)";
			};
			name = Release;
		};
		50703B041D7EACB8001DAF45 /* Debug */ = {
			isa = XCBuildConfiguration;
			buildSettings = {
				BUNDLE_LOADER = "$(TEST_HOST)";
				CLANG_ENABLE_MODULES = YES;
				COMBINE_HIDPI_IMAGES = YES;
				INFOPLIST_FILE = "ReSwift-TodoTests/Info.plist";
				LD_RUNPATH_SEARCH_PATHS = "$(inherited) @executable_path/../Frameworks @loader_path/../Frameworks";
				PRODUCT_BUNDLE_IDENTIFIER = "reswift.github.io.ReSwift-TodoTests";
				PRODUCT_NAME = "$(TARGET_NAME)";
				SWIFT_OPTIMIZATION_LEVEL = "-Onone";
				TEST_HOST = "$(BUILT_PRODUCTS_DIR)/ReSwift-Todo.app/Contents/MacOS/ReSwift-Todo";
			};
			name = Debug;
		};
		50703B051D7EACB8001DAF45 /* Release */ = {
			isa = XCBuildConfiguration;
			buildSettings = {
				BUNDLE_LOADER = "$(TEST_HOST)";
				CLANG_ENABLE_MODULES = YES;
				COMBINE_HIDPI_IMAGES = YES;
				INFOPLIST_FILE = "ReSwift-TodoTests/Info.plist";
				LD_RUNPATH_SEARCH_PATHS = "$(inherited) @executable_path/../Frameworks @loader_path/../Frameworks";
				PRODUCT_BUNDLE_IDENTIFIER = "reswift.github.io.ReSwift-TodoTests";
				PRODUCT_NAME = "$(TARGET_NAME)";
				TEST_HOST = "$(BUILT_PRODUCTS_DIR)/ReSwift-Todo.app/Contents/MacOS/ReSwift-Todo";
			};
			name = Release;
		};
/* End XCBuildConfiguration section */

/* Begin XCConfigurationList section */
		50703ADE1D7EACB8001DAF45 /* Build configuration list for PBXProject "ReSwift-Todo" */ = {
			isa = XCConfigurationList;
			buildConfigurations = (
				50703AFE1D7EACB8001DAF45 /* Debug */,
				50703AFF1D7EACB8001DAF45 /* Release */,
			);
			defaultConfigurationIsVisible = 0;
			defaultConfigurationName = Release;
		};
		50703B001D7EACB8001DAF45 /* Build configuration list for PBXNativeTarget "ReSwift-Todo" */ = {
			isa = XCConfigurationList;
			buildConfigurations = (
				50703B011D7EACB8001DAF45 /* Debug */,
				50703B021D7EACB8001DAF45 /* Release */,
			);
			defaultConfigurationIsVisible = 0;
		};
		50703B031D7EACB8001DAF45 /* Build configuration list for PBXNativeTarget "ReSwift-TodoTests" */ = {
			isa = XCConfigurationList;
			buildConfigurations = (
				50703B041D7EACB8001DAF45 /* Debug */,
				50703B051D7EACB8001DAF45 /* Release */,
			);
			defaultConfigurationIsVisible = 0;
		};
/* End XCConfigurationList section */
	};
	rootObject = 50703ADB1D7EACB8001DAF45 /* Project object */;
}
