// !$*UTF8*$!
{
	archiveVersion = 1;
	classes = {
	};
	objectVersion = 46;
	objects = {

/* Begin PBXBuildFile section */
		502C046F1D87D9580032B7F3 /* ToDoListSerializer.swift in Sources */ = {isa = PBXBuildFile; fileRef = 502C046E1D87D9580032B7F3 /* ToDoListSerializer.swift */; };
		502C04711D87D9660032B7F3 /* ToDoListSerializerTests.swift in Sources */ = {isa = PBXBuildFile; fileRef = 502C04701D87D9660032B7F3 /* ToDoListSerializerTests.swift */; };
		502C04731D87DF040032B7F3 /* ErrorHandling.swift in Sources */ = {isa = PBXBuildFile; fileRef = 502C04721D87DF040032B7F3 /* ErrorHandling.swift */; };
		502C04751D87E38E0032B7F3 /* ToDoListActions.swift in Sources */ = {isa = PBXBuildFile; fileRef = 502C04741D87E38E0032B7F3 /* ToDoListActions.swift */; };
		502C04771D87EC8B0032B7F3 /* complex.txt in Resources */ = {isa = PBXBuildFile; fileRef = 502C04761D87EC8B0032B7F3 /* complex.txt */; };
		502C04791D87F0310032B7F3 /* ClockStub.swift in Sources */ = {isa = PBXBuildFile; fileRef = 502C04781D87F0310032B7F3 /* ClockStub.swift */; };
		502C047B1D87F0480032B7F3 /* Clock.swift in Sources */ = {isa = PBXBuildFile; fileRef = 502C047A1D87F0480032B7F3 /* Clock.swift */; };
		502C047D1D880BEC0032B7F3 /* DateConverterTests.swift in Sources */ = {isa = PBXBuildFile; fileRef = 502C047C1D880BEC0032B7F3 /* DateConverterTests.swift */; };
		502C04801D880C2A0032B7F3 /* DateConverter.swift in Sources */ = {isa = PBXBuildFile; fileRef = 502C047F1D880C2A0032B7F3 /* DateConverter.swift */; };
		502C04831D88216A0032B7F3 /* ToDoLineTokenizerTests.swift in Sources */ = {isa = PBXBuildFile; fileRef = 502C04821D88216A0032B7F3 /* ToDoLineTokenizerTests.swift */; };
		502C04851D8850D00032B7F3 /* ToDoLineTokenizer.swift in Sources */ = {isa = PBXBuildFile; fileRef = 502C04841D8850D00032B7F3 /* ToDoLineTokenizer.swift */; };
		504CDFDF1D8A6DDC00D16314 /* UndoMiddleware.swift in Sources */ = {isa = PBXBuildFile; fileRef = 504CDFDE1D8A6DDC00D16314 /* UndoMiddleware.swift */; };
		504CDFE11D8A6E7300D16314 /* NotUndoable.swift in Sources */ = {isa = PBXBuildFile; fileRef = 504CDFE01D8A6E7300D16314 /* NotUndoable.swift */; };
		504CDFE31D8A6F2D00D16314 /* UndoCommand.swift in Sources */ = {isa = PBXBuildFile; fileRef = 504CDFE21D8A6F2D00D16314 /* UndoCommand.swift */; };
		504CDFE51D8A703D00D16314 /* Undoable.swift in Sources */ = {isa = PBXBuildFile; fileRef = 504CDFE41D8A703D00D16314 /* Undoable.swift */; };
		504CDFE71D8A721D00D16314 /* UndoActionContext.swift in Sources */ = {isa = PBXBuildFile; fileRef = 504CDFE61D8A721D00D16314 /* UndoActionContext.swift */; };
		504CDFEC1D8A81E300D16314 /* RemoveIdempotentActionsMiddleware.swift in Sources */ = {isa = PBXBuildFile; fileRef = 504CDFEB1D8A81E300D16314 /* RemoveIdempotentActionsMiddleware.swift */; };
		504CDFEE1D8A8E1300D16314 /* SelectionState.swift in Sources */ = {isa = PBXBuildFile; fileRef = 504CDFED1D8A8E1300D16314 /* SelectionState.swift */; };
		504CDFF01D8A8E3600D16314 /* SelectionActions.swift in Sources */ = {isa = PBXBuildFile; fileRef = 504CDFEF1D8A8E3600D16314 /* SelectionActions.swift */; };
		504CDFF21D8A8E7100D16314 /* SelectionReducer.swift in Sources */ = {isa = PBXBuildFile; fileRef = 504CDFF11D8A8E7100D16314 /* SelectionReducer.swift */; };
		504CDFF51D8A948700D16314 /* SelectionReducerTests.swift in Sources */ = {isa = PBXBuildFile; fileRef = 504CDFF41D8A948700D16314 /* SelectionReducerTests.swift */; };
		504CDFF71D8ADB3D00D16314 /* ToDoTableView.swift in Sources */ = {isa = PBXBuildFile; fileRef = 504CDFF61D8ADB3D00D16314 /* ToDoTableView.swift */; };
		504CDFF91D8ADCEC00D16314 /* NullToDoTableDataSource.swift in Sources */ = {isa = PBXBuildFile; fileRef = 504CDFF81D8ADCEC00D16314 /* NullToDoTableDataSource.swift */; };
		504CDFFB1D8ADEFA00D16314 /* PatchingResponder.swift in Sources */ = {isa = PBXBuildFile; fileRef = 504CDFFA1D8ADEFA00D16314 /* PatchingResponder.swift */; };
		504CDFFE1D8ADF3400D16314 /* KeyboardEventHandler.swift in Sources */ = {isa = PBXBuildFile; fileRef = 504CDFFD1D8ADF3400D16314 /* KeyboardEventHandler.swift */; };
		50703AE71D7EACB8001DAF45 /* AppDelegate.swift in Sources */ = {isa = PBXBuildFile; fileRef = 50703AE61D7EACB8001DAF45 /* AppDelegate.swift */; };
		50703AE91D7EACB8001DAF45 /* ToDoDocument.swift in Sources */ = {isa = PBXBuildFile; fileRef = 50703AE81D7EACB8001DAF45 /* ToDoDocument.swift */; };
		50703AEC1D7EACB8001DAF45 /* ToDoListWindowController.xib in Resources */ = {isa = PBXBuildFile; fileRef = 50703AEA1D7EACB8001DAF45 /* ToDoListWindowController.xib */; };
		50703AEE1D7EACB8001DAF45 /* Assets.xcassets in Resources */ = {isa = PBXBuildFile; fileRef = 50703AED1D7EACB8001DAF45 /* Assets.xcassets */; };
		50703AF11D7EACB8001DAF45 /* MainMenu.xib in Resources */ = {isa = PBXBuildFile; fileRef = 50703AEF1D7EACB8001DAF45 /* MainMenu.xib */; };
		50703B0A1D7EAD09001DAF45 /* ToDoList.swift in Sources */ = {isa = PBXBuildFile; fileRef = 50703B061D7EAD09001DAF45 /* ToDoList.swift */; };
		50703B0B1D7EAD09001DAF45 /* ToDo.swift in Sources */ = {isa = PBXBuildFile; fileRef = 50703B071D7EAD09001DAF45 /* ToDo.swift */; };
		50703B0C1D7EAD09001DAF45 /* ToDoActions.swift in Sources */ = {isa = PBXBuildFile; fileRef = 50703B081D7EAD09001DAF45 /* ToDoActions.swift */; };
		50703B0D1D7EAD09001DAF45 /* ToDoID.swift in Sources */ = {isa = PBXBuildFile; fileRef = 50703B091D7EAD09001DAF45 /* ToDoID.swift */; };
		50703B131D7EADDA001DAF45 /* ReSwift.framework in Frameworks */ = {isa = PBXBuildFile; fileRef = 50703B111D7EADD2001DAF45 /* ReSwift.framework */; };
		50703B141D7EADDA001DAF45 /* ReSwift.framework in Embed Frameworks */ = {isa = PBXBuildFile; fileRef = 50703B111D7EADD2001DAF45 /* ReSwift.framework */; settings = {ATTRIBUTES = (CodeSignOnCopy, RemoveHeadersOnCopy, ); }; };
		50703B1D1D7EAE36001DAF45 /* ToDoListTests.swift in Sources */ = {isa = PBXBuildFile; fileRef = 50703B1B1D7EAE36001DAF45 /* ToDoListTests.swift */; };
		50703B1E1D7EAE36001DAF45 /* ToDoTests.swift in Sources */ = {isa = PBXBuildFile; fileRef = 50703B1C1D7EAE36001DAF45 /* ToDoTests.swift */; };
		50703B231D7EAFF7001DAF45 /* ToDoListReducerTests.swift in Sources */ = {isa = PBXBuildFile; fileRef = 50703B211D7EAFF7001DAF45 /* ToDoListReducerTests.swift */; };
		50703B241D7EAFF7001DAF45 /* ToDoReducerTests.swift in Sources */ = {isa = PBXBuildFile; fileRef = 50703B221D7EAFF7001DAF45 /* ToDoReducerTests.swift */; };
		50703B271D7EB001001DAF45 /* ToDoListReducer.swift in Sources */ = {isa = PBXBuildFile; fileRef = 50703B251D7EB001001DAF45 /* ToDoListReducer.swift */; };
		50703B281D7EB001001DAF45 /* ToDoReducer.swift in Sources */ = {isa = PBXBuildFile; fileRef = 50703B261D7EB001001DAF45 /* ToDoReducer.swift */; };
		50703B291D7EB048001DAF45 /* ReSwift.framework in Frameworks */ = {isa = PBXBuildFile; fileRef = 50703B111D7EADD2001DAF45 /* ReSwift.framework */; };
		50703B2C1D7EB2E7001DAF45 /* LoggingMiddleware.swift in Sources */ = {isa = PBXBuildFile; fileRef = 50703B2B1D7EB2E7001DAF45 /* LoggingMiddleware.swift */; };
		50703B2E1D7EB5B5001DAF45 /* ToDoListStore.swift in Sources */ = {isa = PBXBuildFile; fileRef = 50703B2D1D7EB5B5001DAF45 /* ToDoListStore.swift */; };
		50703B301D7EB60F001DAF45 /* ToDoListState.swift in Sources */ = {isa = PBXBuildFile; fileRef = 50703B2F1D7EB60F001DAF45 /* ToDoListState.swift */; };
		50703B321D7EB736001DAF45 /* ToDoListWindowController.swift in Sources */ = {isa = PBXBuildFile; fileRef = 50703B311D7EB736001DAF45 /* ToDoListWindowController.swift */; };
		50703B341D7EB838001DAF45 /* ToDoListPresenter.swift in Sources */ = {isa = PBXBuildFile; fileRef = 50703B331D7EB838001DAF45 /* ToDoListPresenter.swift */; };
		50703B371D7EBC76001DAF45 /* ToDoCellView.swift in Sources */ = {isa = PBXBuildFile; fileRef = 50703B361D7EBC76001DAF45 /* ToDoCellView.swift */; };
		50703B391D7EE50D001DAF45 /* ToDoViewModel.swift in Sources */ = {isa = PBXBuildFile; fileRef = 50703B381D7EE50D001DAF45 /* ToDoViewModel.swift */; };
		50703B3B1D7EE569001DAF45 /* ToDoListViewModel.swift in Sources */ = {isa = PBXBuildFile; fileRef = 50703B3A1D7EE569001DAF45 /* ToDoListViewModel.swift */; };
		50703B3F1D7EE65A001DAF45 /* ToDoCellViewTests.swift in Sources */ = {isa = PBXBuildFile; fileRef = 50703B3E1D7EE65A001DAF45 /* ToDoCellViewTests.swift */; };
		50703B411D7EE8D2001DAF45 /* Helpers.swift in Sources */ = {isa = PBXBuildFile; fileRef = 50703B401D7EE8D2001DAF45 /* Helpers.swift */; };
		50703B431D7EF237001DAF45 /* ToDoListWindowControllerTests.swift in Sources */ = {isa = PBXBuildFile; fileRef = 50703B421D7EF237001DAF45 /* ToDoListWindowControllerTests.swift */; };
		50703B451D7EF590001DAF45 /* ToDoTableDataSource.swift in Sources */ = {isa = PBXBuildFile; fileRef = 50703B441D7EF590001DAF45 /* ToDoTableDataSource.swift */; };
		50703B471D7EF83D001DAF45 /* CollectionType+ReSwiftTodo.swift in Sources */ = {isa = PBXBuildFile; fileRef = 50703B461D7EF83D001DAF45 /* CollectionType+ReSwiftTodo.swift */; };
		50703B491D7F0DE5001DAF45 /* ToDoTableDataSourceTests.swift in Sources */ = {isa = PBXBuildFile; fileRef = 50703B481D7F0DE5001DAF45 /* ToDoTableDataSourceTests.swift */; };
		50703B4B1D7F1284001DAF45 /* CheckBox.swift in Sources */ = {isa = PBXBuildFile; fileRef = 50703B4A1D7F1284001DAF45 /* CheckBox.swift */; };
		50703B4E1D7F1407001DAF45 /* ToDoListImporter.swift in Sources */ = {isa = PBXBuildFile; fileRef = 50703B4D1D7F1407001DAF45 /* ToDoListImporter.swift */; };
		50703B511D7F149E001DAF45 /* short.txt in Resources */ = {isa = PBXBuildFile; fileRef = 50703B501D7F149E001DAF45 /* short.txt */; };
		50703B551D7F152B001DAF45 /* ToDoListImporterTests.swift in Sources */ = {isa = PBXBuildFile; fileRef = 50703B541D7F152B001DAF45 /* ToDoListImporterTests.swift */; };
		507347901D7FFE8B00ACFD0D /* StreamReader.swift in Sources */ = {isa = PBXBuildFile; fileRef = 5073478F1D7FFE8B00ACFD0D /* StreamReader.swift */; };
		507347921D7FFFBD00ACFD0D /* ErrorHelpers.swift in Sources */ = {isa = PBXBuildFile; fileRef = 507347911D7FFFBD00ACFD0D /* ErrorHelpers.swift */; };
		507347941D8001A200ACFD0D /* String+ReSwiftTodo.swift in Sources */ = {isa = PBXBuildFile; fileRef = 507347931D8001A200ACFD0D /* String+ReSwiftTodo.swift */; };
/* End PBXBuildFile section */

/* Begin PBXContainerItemProxy section */
		50703AF81D7EACB8001DAF45 /* PBXContainerItemProxy */ = {
			isa = PBXContainerItemProxy;
			containerPortal = 50703ADB1D7EACB8001DAF45 /* Project object */;
			proxyType = 1;
			remoteGlobalIDString = 50703AE21D7EACB8001DAF45;
			remoteInfo = "ReSwift-Todo";
		};
/* End PBXContainerItemProxy section */

/* Begin PBXCopyFilesBuildPhase section */
		50703B151D7EADDA001DAF45 /* Embed Frameworks */ = {
			isa = PBXCopyFilesBuildPhase;
			buildActionMask = 2147483647;
			dstPath = "";
			dstSubfolderSpec = 10;
			files = (
				50703B141D7EADDA001DAF45 /* ReSwift.framework in Embed Frameworks */,
			);
			name = "Embed Frameworks";
			runOnlyForDeploymentPostprocessing = 0;
		};
/* End PBXCopyFilesBuildPhase section */

/* Begin PBXFileReference section */
		502C046E1D87D9580032B7F3 /* ToDoListSerializer.swift */ = {isa = PBXFileReference; fileEncoding = 4; lastKnownFileType = sourcecode.swift; path = ToDoListSerializer.swift; sourceTree = "<group>"; };
		502C04701D87D9660032B7F3 /* ToDoListSerializerTests.swift */ = {isa = PBXFileReference; fileEncoding = 4; lastKnownFileType = sourcecode.swift; path = ToDoListSerializerTests.swift; sourceTree = "<group>"; };
		502C04721D87DF040032B7F3 /* ErrorHandling.swift */ = {isa = PBXFileReference; fileEncoding = 4; lastKnownFileType = sourcecode.swift; path = ErrorHandling.swift; sourceTree = "<group>"; };
		502C04741D87E38E0032B7F3 /* ToDoListActions.swift */ = {isa = PBXFileReference; fileEncoding = 4; lastKnownFileType = sourcecode.swift; path = ToDoListActions.swift; sourceTree = "<group>"; };
		502C04761D87EC8B0032B7F3 /* complex.txt */ = {isa = PBXFileReference; fileEncoding = 4; lastKnownFileType = text; path = complex.txt; sourceTree = "<group>"; };
		502C04781D87F0310032B7F3 /* ClockStub.swift */ = {isa = PBXFileReference; fileEncoding = 4; lastKnownFileType = sourcecode.swift; path = ClockStub.swift; sourceTree = "<group>"; };
		502C047A1D87F0480032B7F3 /* Clock.swift */ = {isa = PBXFileReference; fileEncoding = 4; lastKnownFileType = sourcecode.swift; path = Clock.swift; sourceTree = "<group>"; };
		502C047C1D880BEC0032B7F3 /* DateConverterTests.swift */ = {isa = PBXFileReference; fileEncoding = 4; lastKnownFileType = sourcecode.swift; path = DateConverterTests.swift; sourceTree = "<group>"; };
		502C047F1D880C2A0032B7F3 /* DateConverter.swift */ = {isa = PBXFileReference; fileEncoding = 4; lastKnownFileType = sourcecode.swift; path = DateConverter.swift; sourceTree = "<group>"; };
		502C04821D88216A0032B7F3 /* ToDoLineTokenizerTests.swift */ = {isa = PBXFileReference; fileEncoding = 4; lastKnownFileType = sourcecode.swift; path = ToDoLineTokenizerTests.swift; sourceTree = "<group>"; };
		502C04841D8850D00032B7F3 /* ToDoLineTokenizer.swift */ = {isa = PBXFileReference; fileEncoding = 4; lastKnownFileType = sourcecode.swift; lineEnding = 0; path = ToDoLineTokenizer.swift; sourceTree = "<group>"; xcLanguageSpecificationIdentifier = xcode.lang.swift; };
		504CDFDE1D8A6DDC00D16314 /* UndoMiddleware.swift */ = {isa = PBXFileReference; fileEncoding = 4; lastKnownFileType = sourcecode.swift; path = UndoMiddleware.swift; sourceTree = "<group>"; };
		504CDFE01D8A6E7300D16314 /* NotUndoable.swift */ = {isa = PBXFileReference; fileEncoding = 4; lastKnownFileType = sourcecode.swift; path = NotUndoable.swift; sourceTree = "<group>"; };
		504CDFE21D8A6F2D00D16314 /* UndoCommand.swift */ = {isa = PBXFileReference; fileEncoding = 4; lastKnownFileType = sourcecode.swift; path = UndoCommand.swift; sourceTree = "<group>"; };
		504CDFE41D8A703D00D16314 /* Undoable.swift */ = {isa = PBXFileReference; fileEncoding = 4; lastKnownFileType = sourcecode.swift; path = Undoable.swift; sourceTree = "<group>"; };
		504CDFE61D8A721D00D16314 /* UndoActionContext.swift */ = {isa = PBXFileReference; fileEncoding = 4; lastKnownFileType = sourcecode.swift; path = UndoActionContext.swift; sourceTree = "<group>"; };
		504CDFEB1D8A81E300D16314 /* RemoveIdempotentActionsMiddleware.swift */ = {isa = PBXFileReference; fileEncoding = 4; lastKnownFileType = sourcecode.swift; path = RemoveIdempotentActionsMiddleware.swift; sourceTree = "<group>"; };
		504CDFED1D8A8E1300D16314 /* SelectionState.swift */ = {isa = PBXFileReference; fileEncoding = 4; lastKnownFileType = sourcecode.swift; path = SelectionState.swift; sourceTree = "<group>"; };
		504CDFEF1D8A8E3600D16314 /* SelectionActions.swift */ = {isa = PBXFileReference; fileEncoding = 4; lastKnownFileType = sourcecode.swift; path = SelectionActions.swift; sourceTree = "<group>"; };
		504CDFF11D8A8E7100D16314 /* SelectionReducer.swift */ = {isa = PBXFileReference; fileEncoding = 4; lastKnownFileType = sourcecode.swift; path = SelectionReducer.swift; sourceTree = "<group>"; };
		504CDFF41D8A948700D16314 /* SelectionReducerTests.swift */ = {isa = PBXFileReference; fileEncoding = 4; lastKnownFileType = sourcecode.swift; path = SelectionReducerTests.swift; sourceTree = "<group>"; };
		504CDFF61D8ADB3D00D16314 /* ToDoTableView.swift */ = {isa = PBXFileReference; fileEncoding = 4; lastKnownFileType = sourcecode.swift; path = ToDoTableView.swift; sourceTree = "<group>"; };
		504CDFF81D8ADCEC00D16314 /* NullToDoTableDataSource.swift */ = {isa = PBXFileReference; fileEncoding = 4; lastKnownFileType = sourcecode.swift; path = NullToDoTableDataSource.swift; sourceTree = "<group>"; };
		504CDFFA1D8ADEFA00D16314 /* PatchingResponder.swift */ = {isa = PBXFileReference; fileEncoding = 4; lastKnownFileType = sourcecode.swift; path = PatchingResponder.swift; sourceTree = "<group>"; };
		504CDFFD1D8ADF3400D16314 /* KeyboardEventHandler.swift */ = {isa = PBXFileReference; fileEncoding = 4; lastKnownFileType = sourcecode.swift; path = KeyboardEventHandler.swift; sourceTree = "<group>"; };
		50703AE31D7EACB8001DAF45 /* ReSwift-Todo.app */ = {isa = PBXFileReference; explicitFileType = wrapper.application; includeInIndex = 0; path = "ReSwift-Todo.app"; sourceTree = BUILT_PRODUCTS_DIR; };
		50703AE61D7EACB8001DAF45 /* AppDelegate.swift */ = {isa = PBXFileReference; lastKnownFileType = sourcecode.swift; path = AppDelegate.swift; sourceTree = "<group>"; };
		50703AE81D7EACB8001DAF45 /* ToDoDocument.swift */ = {isa = PBXFileReference; lastKnownFileType = sourcecode.swift; path = ToDoDocument.swift; sourceTree = "<group>"; };
		50703AEB1D7EACB8001DAF45 /* Base */ = {isa = PBXFileReference; lastKnownFileType = file.xib; name = Base; path = Base.lproj/ToDoListWindowController.xib; sourceTree = "<group>"; };
		50703AED1D7EACB8001DAF45 /* Assets.xcassets */ = {isa = PBXFileReference; lastKnownFileType = folder.assetcatalog; path = Assets.xcassets; sourceTree = "<group>"; };
		50703AF01D7EACB8001DAF45 /* Base */ = {isa = PBXFileReference; lastKnownFileType = file.xib; name = Base; path = Base.lproj/MainMenu.xib; sourceTree = "<group>"; };
		50703AF21D7EACB8001DAF45 /* Info.plist */ = {isa = PBXFileReference; lastKnownFileType = text.plist.xml; path = Info.plist; sourceTree = "<group>"; };
		50703AF71D7EACB8001DAF45 /* ReSwift-TodoTests.xctest */ = {isa = PBXFileReference; explicitFileType = wrapper.cfbundle; includeInIndex = 0; path = "ReSwift-TodoTests.xctest"; sourceTree = BUILT_PRODUCTS_DIR; };
		50703AFD1D7EACB8001DAF45 /* Info.plist */ = {isa = PBXFileReference; lastKnownFileType = text.plist.xml; path = Info.plist; sourceTree = "<group>"; };
		50703B061D7EAD09001DAF45 /* ToDoList.swift */ = {isa = PBXFileReference; fileEncoding = 4; lastKnownFileType = sourcecode.swift; path = ToDoList.swift; sourceTree = "<group>"; };
		50703B071D7EAD09001DAF45 /* ToDo.swift */ = {isa = PBXFileReference; fileEncoding = 4; lastKnownFileType = sourcecode.swift; path = ToDo.swift; sourceTree = "<group>"; };
		50703B081D7EAD09001DAF45 /* ToDoActions.swift */ = {isa = PBXFileReference; fileEncoding = 4; lastKnownFileType = sourcecode.swift; path = ToDoActions.swift; sourceTree = "<group>"; };
		50703B091D7EAD09001DAF45 /* ToDoID.swift */ = {isa = PBXFileReference; fileEncoding = 4; lastKnownFileType = sourcecode.swift; path = ToDoID.swift; sourceTree = "<group>"; };
		50703B111D7EADD2001DAF45 /* ReSwift.framework */ = {isa = PBXFileReference; lastKnownFileType = wrapper.framework; name = ReSwift.framework; path = Carthage/Build/Mac/ReSwift.framework; sourceTree = "<group>"; };
		50703B1B1D7EAE36001DAF45 /* ToDoListTests.swift */ = {isa = PBXFileReference; fileEncoding = 4; lastKnownFileType = sourcecode.swift; path = ToDoListTests.swift; sourceTree = "<group>"; };
		50703B1C1D7EAE36001DAF45 /* ToDoTests.swift */ = {isa = PBXFileReference; fileEncoding = 4; lastKnownFileType = sourcecode.swift; path = ToDoTests.swift; sourceTree = "<group>"; };
		50703B211D7EAFF7001DAF45 /* ToDoListReducerTests.swift */ = {isa = PBXFileReference; fileEncoding = 4; lastKnownFileType = sourcecode.swift; path = ToDoListReducerTests.swift; sourceTree = "<group>"; };
		50703B221D7EAFF7001DAF45 /* ToDoReducerTests.swift */ = {isa = PBXFileReference; fileEncoding = 4; lastKnownFileType = sourcecode.swift; path = ToDoReducerTests.swift; sourceTree = "<group>"; };
		50703B251D7EB001001DAF45 /* ToDoListReducer.swift */ = {isa = PBXFileReference; fileEncoding = 4; lastKnownFileType = sourcecode.swift; path = ToDoListReducer.swift; sourceTree = "<group>"; };
		50703B261D7EB001001DAF45 /* ToDoReducer.swift */ = {isa = PBXFileReference; fileEncoding = 4; lastKnownFileType = sourcecode.swift; path = ToDoReducer.swift; sourceTree = "<group>"; };
		50703B2B1D7EB2E7001DAF45 /* LoggingMiddleware.swift */ = {isa = PBXFileReference; fileEncoding = 4; lastKnownFileType = sourcecode.swift; path = LoggingMiddleware.swift; sourceTree = "<group>"; };
		50703B2D1D7EB5B5001DAF45 /* ToDoListStore.swift */ = {isa = PBXFileReference; fileEncoding = 4; lastKnownFileType = sourcecode.swift; path = ToDoListStore.swift; sourceTree = "<group>"; };
		50703B2F1D7EB60F001DAF45 /* ToDoListState.swift */ = {isa = PBXFileReference; fileEncoding = 4; lastKnownFileType = sourcecode.swift; path = ToDoListState.swift; sourceTree = "<group>"; };
		50703B311D7EB736001DAF45 /* ToDoListWindowController.swift */ = {isa = PBXFileReference; fileEncoding = 4; lastKnownFileType = sourcecode.swift; path = ToDoListWindowController.swift; sourceTree = "<group>"; };
		50703B331D7EB838001DAF45 /* ToDoListPresenter.swift */ = {isa = PBXFileReference; fileEncoding = 4; lastKnownFileType = sourcecode.swift; path = ToDoListPresenter.swift; sourceTree = "<group>"; };
		50703B361D7EBC76001DAF45 /* ToDoCellView.swift */ = {isa = PBXFileReference; fileEncoding = 4; lastKnownFileType = sourcecode.swift; path = ToDoCellView.swift; sourceTree = "<group>"; };
		50703B381D7EE50D001DAF45 /* ToDoViewModel.swift */ = {isa = PBXFileReference; fileEncoding = 4; lastKnownFileType = sourcecode.swift; path = ToDoViewModel.swift; sourceTree = "<group>"; };
		50703B3A1D7EE569001DAF45 /* ToDoListViewModel.swift */ = {isa = PBXFileReference; fileEncoding = 4; lastKnownFileType = sourcecode.swift; path = ToDoListViewModel.swift; sourceTree = "<group>"; };
		50703B3E1D7EE65A001DAF45 /* ToDoCellViewTests.swift */ = {isa = PBXFileReference; fileEncoding = 4; lastKnownFileType = sourcecode.swift; path = ToDoCellViewTests.swift; sourceTree = "<group>"; };
		50703B401D7EE8D2001DAF45 /* Helpers.swift */ = {isa = PBXFileReference; fileEncoding = 4; lastKnownFileType = sourcecode.swift; path = Helpers.swift; sourceTree = "<group>"; };
		50703B421D7EF237001DAF45 /* ToDoListWindowControllerTests.swift */ = {isa = PBXFileReference; fileEncoding = 4; lastKnownFileType = sourcecode.swift; path = ToDoListWindowControllerTests.swift; sourceTree = "<group>"; };
		50703B441D7EF590001DAF45 /* ToDoTableDataSource.swift */ = {isa = PBXFileReference; fileEncoding = 4; lastKnownFileType = sourcecode.swift; path = ToDoTableDataSource.swift; sourceTree = "<group>"; };
		50703B461D7EF83D001DAF45 /* CollectionType+ReSwiftTodo.swift */ = {isa = PBXFileReference; fileEncoding = 4; lastKnownFileType = sourcecode.swift; path = "CollectionType+ReSwiftTodo.swift"; sourceTree = "<group>"; };
		50703B481D7F0DE5001DAF45 /* ToDoTableDataSourceTests.swift */ = {isa = PBXFileReference; fileEncoding = 4; lastKnownFileType = sourcecode.swift; path = ToDoTableDataSourceTests.swift; sourceTree = "<group>"; };
		50703B4A1D7F1284001DAF45 /* CheckBox.swift */ = {isa = PBXFileReference; fileEncoding = 4; lastKnownFileType = sourcecode.swift; path = CheckBox.swift; sourceTree = "<group>"; };
		50703B4D1D7F1407001DAF45 /* ToDoListImporter.swift */ = {isa = PBXFileReference; fileEncoding = 4; lastKnownFileType = sourcecode.swift; lineEnding = 0; path = ToDoListImporter.swift; sourceTree = "<group>"; xcLanguageSpecificationIdentifier = xcode.lang.swift; };
		50703B501D7F149E001DAF45 /* short.txt */ = {isa = PBXFileReference; fileEncoding = 4; lastKnownFileType = text; path = short.txt; sourceTree = "<group>"; };
		50703B541D7F152B001DAF45 /* ToDoListImporterTests.swift */ = {isa = PBXFileReference; fileEncoding = 4; lastKnownFileType = sourcecode.swift; path = ToDoListImporterTests.swift; sourceTree = "<group>"; };
		5073478F1D7FFE8B00ACFD0D /* StreamReader.swift */ = {isa = PBXFileReference; fileEncoding = 4; lastKnownFileType = sourcecode.swift; path = StreamReader.swift; sourceTree = "<group>"; };
		507347911D7FFFBD00ACFD0D /* ErrorHelpers.swift */ = {isa = PBXFileReference; fileEncoding = 4; lastKnownFileType = sourcecode.swift; path = ErrorHelpers.swift; sourceTree = "<group>"; };
		507347931D8001A200ACFD0D /* String+ReSwiftTodo.swift */ = {isa = PBXFileReference; fileEncoding = 4; lastKnownFileType = sourcecode.swift; lineEnding = 0; path = "String+ReSwiftTodo.swift"; sourceTree = "<group>"; xcLanguageSpecificationIdentifier = xcode.lang.swift; };
/* End PBXFileReference section */

/* Begin PBXFrameworksBuildPhase section */
		50703AE01D7EACB8001DAF45 /* Frameworks */ = {
			isa = PBXFrameworksBuildPhase;
			buildActionMask = 2147483647;
			files = (
				50703B131D7EADDA001DAF45 /* ReSwift.framework in Frameworks */,
			);
			runOnlyForDeploymentPostprocessing = 0;
		};
		50703AF41D7EACB8001DAF45 /* Frameworks */ = {
			isa = PBXFrameworksBuildPhase;
			buildActionMask = 2147483647;
			files = (
				50703B291D7EB048001DAF45 /* ReSwift.framework in Frameworks */,
			);
			runOnlyForDeploymentPostprocessing = 0;
		};
/* End PBXFrameworksBuildPhase section */

/* Begin PBXGroup section */
		502C047E1D880C150032B7F3 /* Time */ = {
			isa = PBXGroup;
			children = (
				502C047A1D87F0480032B7F3 /* Clock.swift */,
				502C047F1D880C2A0032B7F3 /* DateConverter.swift */,
			);
			name = Time;
			sourceTree = "<group>";
		};
		502C04811D880C310032B7F3 /* Infrastructure */ = {
			isa = PBXGroup;
			children = (
				504CDFE21D8A6F2D00D16314 /* UndoCommand.swift */,
				502C047E1D880C150032B7F3 /* Time */,
				50703B4C1D7F13DE001DAF45 /* Persistence */,
			);
			name = Infrastructure;
			sourceTree = "<group>";
		};
		504CDFDD1D8A6DA800D16314 /* Util */ = {
			isa = PBXGroup;
			children = (
				50703B461D7EF83D001DAF45 /* CollectionType+ReSwiftTodo.swift */,
				507347931D8001A200ACFD0D /* String+ReSwiftTodo.swift */,
			);
			name = Util;
			sourceTree = "<group>";
		};
		504CDFE81D8A75A100D16314 /* Undo */ = {
			isa = PBXGroup;
			children = (
				504CDFDE1D8A6DDC00D16314 /* UndoMiddleware.swift */,
				504CDFE61D8A721D00D16314 /* UndoActionContext.swift */,
				504CDFE41D8A703D00D16314 /* Undoable.swift */,
				504CDFE01D8A6E7300D16314 /* NotUndoable.swift */,
			);
			name = Undo;
			sourceTree = "<group>";
		};
		504CDFE91D8A7F3800D16314 /* To-Do List Actions */ = {
			isa = PBXGroup;
			children = (
				502C04741D87E38E0032B7F3 /* ToDoListActions.swift */,
				50703B251D7EB001001DAF45 /* ToDoListReducer.swift */,
			);
			name = "To-Do List Actions";
			sourceTree = "<group>";
		};
		504CDFEA1D8A7F4500D16314 /* To-Do Item Actions */ = {
			isa = PBXGroup;
			children = (
				50703B081D7EAD09001DAF45 /* ToDoActions.swift */,
				50703B261D7EB001001DAF45 /* ToDoReducer.swift */,
			);
			name = "To-Do Item Actions";
			sourceTree = "<group>";
		};
		504CDFF31D8A946C00D16314 /* Selection Changes */ = {
			isa = PBXGroup;
			children = (
				504CDFED1D8A8E1300D16314 /* SelectionState.swift */,
				504CDFEF1D8A8E3600D16314 /* SelectionActions.swift */,
				504CDFF11D8A8E7100D16314 /* SelectionReducer.swift */,
			);
			name = "Selection Changes";
			sourceTree = "<group>";
		};
		504CDFFC1D8ADF2400D16314 /* Components */ = {
			isa = PBXGroup;
			children = (
				50703B4A1D7F1284001DAF45 /* CheckBox.swift */,
				504CDFF61D8ADB3D00D16314 /* ToDoTableView.swift */,
				504CDFFA1D8ADEFA00D16314 /* PatchingResponder.swift */,
			);
			name = Components;
			sourceTree = "<group>";
		};
		50703ADA1D7EACB8001DAF45 = {
			isa = PBXGroup;
			children = (
				50703AE51D7EACB8001DAF45 /* ReSwift-Todo */,
				50703AFA1D7EACB8001DAF45 /* ReSwift-TodoTests */,
				50703AE41D7EACB8001DAF45 /* Products */,
				50703B101D7EADC2001DAF45 /* Frameworks */,
			);
			sourceTree = "<group>";
		};
		50703AE41D7EACB8001DAF45 /* Products */ = {
			isa = PBXGroup;
			children = (
				50703AE31D7EACB8001DAF45 /* ReSwift-Todo.app */,
				50703AF71D7EACB8001DAF45 /* ReSwift-TodoTests.xctest */,
			);
			name = Products;
			sourceTree = "<group>";
		};
		50703AE51D7EACB8001DAF45 /* ReSwift-Todo */ = {
			isa = PBXGroup;
			children = (
				50703AE61D7EACB8001DAF45 /* AppDelegate.swift */,
				502C04721D87DF040032B7F3 /* ErrorHandling.swift */,
				50703AE81D7EACB8001DAF45 /* ToDoDocument.swift */,
				50703B0F1D7EAD15001DAF45 /* Model */,
				502C04811D880C310032B7F3 /* Infrastructure */,
				50703B2A1D7EB2D9001DAF45 /* State */,
				50703B351D7EB83C001DAF45 /* Application */,
				50703B201D7EAEC8001DAF45 /* User Interface */,
				504CDFDD1D8A6DA800D16314 /* Util */,
				50703AF21D7EACB8001DAF45 /* Info.plist */,
			);
			path = "ReSwift-Todo";
			sourceTree = "<group>";
		};
		50703AFA1D7EACB8001DAF45 /* ReSwift-TodoTests */ = {
			isa = PBXGroup;
			children = (
				50703B521D7F14AB001DAF45 /* State */,
				50703B1F1D7EAE3A001DAF45 /* Model */,
				50703B3D1D7EE64D001DAF45 /* UI */,
				50703B531D7F14B0001DAF45 /* Infrastructure */,
				50703B4F1D7F1453001DAF45 /* Fixtures */,
				50703B401D7EE8D2001DAF45 /* Helpers.swift */,
				507347911D7FFFBD00ACFD0D /* ErrorHelpers.swift */,
				502C04781D87F0310032B7F3 /* ClockStub.swift */,
				504CDFF81D8ADCEC00D16314 /* NullToDoTableDataSource.swift */,
				50703AFD1D7EACB8001DAF45 /* Info.plist */,
			);
			path = "ReSwift-TodoTests";
			sourceTree = "<group>";
		};
		50703B0F1D7EAD15001DAF45 /* Model */ = {
			isa = PBXGroup;
			children = (
				50703B061D7EAD09001DAF45 /* ToDoList.swift */,
				50703B071D7EAD09001DAF45 /* ToDo.swift */,
				50703B091D7EAD09001DAF45 /* ToDoID.swift */,
			);
			name = Model;
			sourceTree = "<group>";
		};
		50703B101D7EADC2001DAF45 /* Frameworks */ = {
			isa = PBXGroup;
			children = (
				50703B111D7EADD2001DAF45 /* ReSwift.framework */,
			);
			name = Frameworks;
			sourceTree = "<group>";
		};
		50703B1F1D7EAE3A001DAF45 /* Model */ = {
			isa = PBXGroup;
			children = (
				50703B1B1D7EAE36001DAF45 /* ToDoListTests.swift */,
				50703B1C1D7EAE36001DAF45 /* ToDoTests.swift */,
			);
			name = Model;
			sourceTree = "<group>";
		};
		50703B201D7EAEC8001DAF45 /* User Interface */ = {
			isa = PBXGroup;
			children = (
				50703AEA1D7EACB8001DAF45 /* ToDoListWindowController.xib */,
				50703B311D7EB736001DAF45 /* ToDoListWindowController.swift */,
				50703B441D7EF590001DAF45 /* ToDoTableDataSource.swift */,
				50703B3A1D7EE569001DAF45 /* ToDoListViewModel.swift */,
				504CDFFD1D8ADF3400D16314 /* KeyboardEventHandler.swift */,
				50703B3C1D7EE581001DAF45 /* To-Do Item */,
				504CDFFC1D8ADF2400D16314 /* Components */,
				50703AED1D7EACB8001DAF45 /* Assets.xcassets */,
				50703AEF1D7EACB8001DAF45 /* MainMenu.xib */,
			);
			name = "User Interface";
			sourceTree = "<group>";
		};
		50703B2A1D7EB2D9001DAF45 /* State */ = {
			isa = PBXGroup;
			children = (
				50703B2D1D7EB5B5001DAF45 /* ToDoListStore.swift */,
				50703B2F1D7EB60F001DAF45 /* ToDoListState.swift */,
				504CDFE91D8A7F3800D16314 /* To-Do List Actions */,
				504CDFEA1D8A7F4500D16314 /* To-Do Item Actions */,
				504CDFF31D8A946C00D16314 /* Selection Changes */,
				50703B2B1D7EB2E7001DAF45 /* LoggingMiddleware.swift */,
				504CDFEB1D8A81E300D16314 /* RemoveIdempotentActionsMiddleware.swift */,
				504CDFE81D8A75A100D16314 /* Undo */,
			);
			name = State;
			sourceTree = "<group>";
		};
		50703B351D7EB83C001DAF45 /* Application */ = {
			isa = PBXGroup;
			children = (
				50703B331D7EB838001DAF45 /* ToDoListPresenter.swift */,
			);
			name = Application;
			sourceTree = "<group>";
		};
		50703B3C1D7EE581001DAF45 /* To-Do Item */ = {
			isa = PBXGroup;
			children = (
				50703B361D7EBC76001DAF45 /* ToDoCellView.swift */,
				50703B381D7EE50D001DAF45 /* ToDoViewModel.swift */,
			);
			name = "To-Do Item";
			sourceTree = "<group>";
		};
		50703B3D1D7EE64D001DAF45 /* UI */ = {
			isa = PBXGroup;
			children = (
				50703B3E1D7EE65A001DAF45 /* ToDoCellViewTests.swift */,
				50703B481D7F0DE5001DAF45 /* ToDoTableDataSourceTests.swift */,
				50703B421D7EF237001DAF45 /* ToDoListWindowControllerTests.swift */,
			);
			name = UI;
			sourceTree = "<group>";
		};
		50703B4C1D7F13DE001DAF45 /* Persistence */ = {
			isa = PBXGroup;
			children = (
				50703B4D1D7F1407001DAF45 /* ToDoListImporter.swift */,
				502C04841D8850D00032B7F3 /* ToDoLineTokenizer.swift */,
				5073478F1D7FFE8B00ACFD0D /* StreamReader.swift */,
				502C046E1D87D9580032B7F3 /* ToDoListSerializer.swift */,
			);
			name = Persistence;
			sourceTree = "<group>";
		};
		50703B4F1D7F1453001DAF45 /* Fixtures */ = {
			isa = PBXGroup;
			children = (
				50703B501D7F149E001DAF45 /* short.txt */,
				502C04761D87EC8B0032B7F3 /* complex.txt */,
			);
			name = Fixtures;
			sourceTree = "<group>";
		};
		50703B521D7F14AB001DAF45 /* State */ = {
			isa = PBXGroup;
			children = (
				50703B211D7EAFF7001DAF45 /* ToDoListReducerTests.swift */,
				50703B221D7EAFF7001DAF45 /* ToDoReducerTests.swift */,
				504CDFF41D8A948700D16314 /* SelectionReducerTests.swift */,
			);
			name = State;
			sourceTree = "<group>";
		};
		50703B531D7F14B0001DAF45 /* Infrastructure */ = {
			isa = PBXGroup;
			children = (
				50703B541D7F152B001DAF45 /* ToDoListImporterTests.swift */,
				502C04821D88216A0032B7F3 /* ToDoLineTokenizerTests.swift */,
				502C04701D87D9660032B7F3 /* ToDoListSerializerTests.swift */,
				502C047C1D880BEC0032B7F3 /* DateConverterTests.swift */,
			);
			name = Infrastructure;
			sourceTree = "<group>";
		};
/* End PBXGroup section */

/* Begin PBXNativeTarget section */
		50703AE21D7EACB8001DAF45 /* ReSwift-Todo */ = {
			isa = PBXNativeTarget;
			buildConfigurationList = 50703B001D7EACB8001DAF45 /* Build configuration list for PBXNativeTarget "ReSwift-Todo" */;
			buildPhases = (
				50703ADF1D7EACB8001DAF45 /* Sources */,
				50703AE01D7EACB8001DAF45 /* Frameworks */,
				50703AE11D7EACB8001DAF45 /* Resources */,
				50703B151D7EADDA001DAF45 /* Embed Frameworks */,
			);
			buildRules = (
			);
			dependencies = (
			);
			name = "ReSwift-Todo";
			productName = "ReSwift-Todo";
			productReference = 50703AE31D7EACB8001DAF45 /* ReSwift-Todo.app */;
			productType = "com.apple.product-type.application";
		};
		50703AF61D7EACB8001DAF45 /* ReSwift-TodoTests */ = {
			isa = PBXNativeTarget;
			buildConfigurationList = 50703B031D7EACB8001DAF45 /* Build configuration list for PBXNativeTarget "ReSwift-TodoTests" */;
			buildPhases = (
				50703AF31D7EACB8001DAF45 /* Sources */,
				50703AF41D7EACB8001DAF45 /* Frameworks */,
				50703AF51D7EACB8001DAF45 /* Resources */,
			);
			buildRules = (
			);
			dependencies = (
				50703AF91D7EACB8001DAF45 /* PBXTargetDependency */,
			);
			name = "ReSwift-TodoTests";
			productName = "ReSwift-TodoTests";
			productReference = 50703AF71D7EACB8001DAF45 /* ReSwift-TodoTests.xctest */;
			productType = "com.apple.product-type.bundle.unit-test";
		};
/* End PBXNativeTarget section */

/* Begin PBXProject section */
		50703ADB1D7EACB8001DAF45 /* Project object */ = {
			isa = PBXProject;
			attributes = {
				LastSwiftUpdateCheck = 0730;
				LastUpgradeCheck = 0730;
				ORGANIZATIONNAME = ReSwift;
				TargetAttributes = {
					50703AE21D7EACB8001DAF45 = {
						CreatedOnToolsVersion = 7.3.1;
					};
					50703AF61D7EACB8001DAF45 = {
						CreatedOnToolsVersion = 7.3.1;
						TestTargetID = 50703AE21D7EACB8001DAF45;
					};
				};
			};
			buildConfigurationList = 50703ADE1D7EACB8001DAF45 /* Build configuration list for PBXProject "ReSwift-Todo" */;
			compatibilityVersion = "Xcode 3.2";
			developmentRegion = English;
			hasScannedForEncodings = 0;
			knownRegions = (
				en,
				Base,
			);
			mainGroup = 50703ADA1D7EACB8001DAF45;
			productRefGroup = 50703AE41D7EACB8001DAF45 /* Products */;
			projectDirPath = "";
			projectRoot = "";
			targets = (
				50703AE21D7EACB8001DAF45 /* ReSwift-Todo */,
				50703AF61D7EACB8001DAF45 /* ReSwift-TodoTests */,
			);
		};
/* End PBXProject section */

/* Begin PBXResourcesBuildPhase section */
		50703AE11D7EACB8001DAF45 /* Resources */ = {
			isa = PBXResourcesBuildPhase;
			buildActionMask = 2147483647;
			files = (
				50703AEE1D7EACB8001DAF45 /* Assets.xcassets in Resources */,
				50703AEC1D7EACB8001DAF45 /* ToDoListWindowController.xib in Resources */,
				50703AF11D7EACB8001DAF45 /* MainMenu.xib in Resources */,
			);
			runOnlyForDeploymentPostprocessing = 0;
		};
		50703AF51D7EACB8001DAF45 /* Resources */ = {
			isa = PBXResourcesBuildPhase;
			buildActionMask = 2147483647;
			files = (
				50703B511D7F149E001DAF45 /* short.txt in Resources */,
				502C04771D87EC8B0032B7F3 /* complex.txt in Resources */,
			);
			runOnlyForDeploymentPostprocessing = 0;
		};
/* End PBXResourcesBuildPhase section */

/* Begin PBXSourcesBuildPhase section */
		50703ADF1D7EACB8001DAF45 /* Sources */ = {
			isa = PBXSourcesBuildPhase;
			buildActionMask = 2147483647;
			files = (
				504CDFF01D8A8E3600D16314 /* SelectionActions.swift in Sources */,
				50703B3B1D7EE569001DAF45 /* ToDoListViewModel.swift in Sources */,
				50703AE91D7EACB8001DAF45 /* ToDoDocument.swift in Sources */,
				502C04801D880C2A0032B7F3 /* DateConverter.swift in Sources */,
				50703B0A1D7EAD09001DAF45 /* ToDoList.swift in Sources */,
				507347901D7FFE8B00ACFD0D /* StreamReader.swift in Sources */,
				50703B371D7EBC76001DAF45 /* ToDoCellView.swift in Sources */,
				504CDFE71D8A721D00D16314 /* UndoActionContext.swift in Sources */,
				502C04851D8850D00032B7F3 /* ToDoLineTokenizer.swift in Sources */,
				50703B0D1D7EAD09001DAF45 /* ToDoID.swift in Sources */,
				504CDFE31D8A6F2D00D16314 /* UndoCommand.swift in Sources */,
				50703B4E1D7F1407001DAF45 /* ToDoListImporter.swift in Sources */,
				504CDFE11D8A6E7300D16314 /* NotUndoable.swift in Sources */,
				504CDFF71D8ADB3D00D16314 /* ToDoTableView.swift in Sources */,
				50703B0C1D7EAD09001DAF45 /* ToDoActions.swift in Sources */,
				50703B471D7EF83D001DAF45 /* CollectionType+ReSwiftTodo.swift in Sources */,
				504CDFEC1D8A81E300D16314 /* RemoveIdempotentActionsMiddleware.swift in Sources */,
				50703B4B1D7F1284001DAF45 /* CheckBox.swift in Sources */,
				502C04751D87E38E0032B7F3 /* ToDoListActions.swift in Sources */,
				504CDFDF1D8A6DDC00D16314 /* UndoMiddleware.swift in Sources */,
				504CDFF21D8A8E7100D16314 /* SelectionReducer.swift in Sources */,
				50703B281D7EB001001DAF45 /* ToDoReducer.swift in Sources */,
				50703B451D7EF590001DAF45 /* ToDoTableDataSource.swift in Sources */,
				50703B2E1D7EB5B5001DAF45 /* ToDoListStore.swift in Sources */,
				504CDFFB1D8ADEFA00D16314 /* PatchingResponder.swift in Sources */,
				504CDFE51D8A703D00D16314 /* Undoable.swift in Sources */,
				507347941D8001A200ACFD0D /* String+ReSwiftTodo.swift in Sources */,
				50703B321D7EB736001DAF45 /* ToDoListWindowController.swift in Sources */,
				50703B391D7EE50D001DAF45 /* ToDoViewModel.swift in Sources */,
				50703AE71D7EACB8001DAF45 /* AppDelegate.swift in Sources */,
				504CDFFE1D8ADF3400D16314 /* KeyboardEventHandler.swift in Sources */,
				502C047B1D87F0480032B7F3 /* Clock.swift in Sources */,
				504CDFEE1D8A8E1300D16314 /* SelectionState.swift in Sources */,
				502C046F1D87D9580032B7F3 /* ToDoListSerializer.swift in Sources */,
				50703B2C1D7EB2E7001DAF45 /* LoggingMiddleware.swift in Sources */,
				50703B341D7EB838001DAF45 /* ToDoListPresenter.swift in Sources */,
				50703B301D7EB60F001DAF45 /* ToDoListState.swift in Sources */,
				502C04731D87DF040032B7F3 /* ErrorHandling.swift in Sources */,
				50703B0B1D7EAD09001DAF45 /* ToDo.swift in Sources */,
				50703B271D7EB001001DAF45 /* ToDoListReducer.swift in Sources */,
			);
			runOnlyForDeploymentPostprocessing = 0;
		};
		50703AF31D7EACB8001DAF45 /* Sources */ = {
			isa = PBXSourcesBuildPhase;
			buildActionMask = 2147483647;
			files = (
				50703B241D7EAFF7001DAF45 /* ToDoReducerTests.swift in Sources */,
				50703B431D7EF237001DAF45 /* ToDoListWindowControllerTests.swift in Sources */,
				507347921D7FFFBD00ACFD0D /* ErrorHelpers.swift in Sources */,
				50703B411D7EE8D2001DAF45 /* Helpers.swift in Sources */,
				502C04791D87F0310032B7F3 /* ClockStub.swift in Sources */,
				50703B3F1D7EE65A001DAF45 /* ToDoCellViewTests.swift in Sources */,
				50703B1D1D7EAE36001DAF45 /* ToDoListTests.swift in Sources */,
				502C047D1D880BEC0032B7F3 /* DateConverterTests.swift in Sources */,
				50703B491D7F0DE5001DAF45 /* ToDoTableDataSourceTests.swift in Sources */,
				504CDFF51D8A948700D16314 /* SelectionReducerTests.swift in Sources */,
				50703B231D7EAFF7001DAF45 /* ToDoListReducerTests.swift in Sources */,
				502C04711D87D9660032B7F3 /* ToDoListSerializerTests.swift in Sources */,
				504CDFF91D8ADCEC00D16314 /* NullToDoTableDataSource.swift in Sources */,
				50703B551D7F152B001DAF45 /* ToDoListImporterTests.swift in Sources */,
				502C04831D88216A0032B7F3 /* ToDoLineTokenizerTests.swift in Sources */,
				50703B1E1D7EAE36001DAF45 /* ToDoTests.swift in Sources */,
			);
			runOnlyForDeploymentPostprocessing = 0;
		};
/* End PBXSourcesBuildPhase section */

/* Begin PBXTargetDependency section */
		50703AF91D7EACB8001DAF45 /* PBXTargetDependency */ = {
			isa = PBXTargetDependency;
			target = 50703AE21D7EACB8001DAF45 /* ReSwift-Todo */;
			targetProxy = 50703AF81D7EACB8001DAF45 /* PBXContainerItemProxy */;
		};
/* End PBXTargetDependency section */

/* Begin PBXVariantGroup section */
		50703AEA1D7EACB8001DAF45 /* ToDoListWindowController.xib */ = {
			isa = PBXVariantGroup;
			children = (
				50703AEB1D7EACB8001DAF45 /* Base */,
			);
			name = ToDoListWindowController.xib;
			sourceTree = "<group>";
		};
		50703AEF1D7EACB8001DAF45 /* MainMenu.xib */ = {
			isa = PBXVariantGroup;
			children = (
				50703AF01D7EACB8001DAF45 /* Base */,
			);
			name = MainMenu.xib;
			sourceTree = "<group>";
		};
/* End PBXVariantGroup section */

/* Begin XCBuildConfiguration section */
		50703AFE1D7EACB8001DAF45 /* Debug */ = {
			isa = XCBuildConfiguration;
			buildSettings = {
				ALWAYS_SEARCH_USER_PATHS = NO;
				CLANG_ANALYZER_NONNULL = YES;
				CLANG_CXX_LANGUAGE_STANDARD = "gnu++0x";
				CLANG_CXX_LIBRARY = "libc++";
				CLANG_ENABLE_MODULES = YES;
				CLANG_ENABLE_OBJC_ARC = YES;
				CLANG_WARN_BOOL_CONVERSION = YES;
				CLANG_WARN_CONSTANT_CONVERSION = YES;
				CLANG_WARN_DIRECT_OBJC_ISA_USAGE = YES_ERROR;
				CLANG_WARN_EMPTY_BODY = YES;
				CLANG_WARN_ENUM_CONVERSION = YES;
				CLANG_WARN_INT_CONVERSION = YES;
				CLANG_WARN_OBJC_ROOT_CLASS = YES_ERROR;
				CLANG_WARN_UNREACHABLE_CODE = YES;
				CLANG_WARN__DUPLICATE_METHOD_MATCH = YES;
				CODE_SIGN_IDENTITY = "-";
				COPY_PHASE_STRIP = NO;
				DEBUG_INFORMATION_FORMAT = dwarf;
				ENABLE_STRICT_OBJC_MSGSEND = YES;
				ENABLE_TESTABILITY = YES;
				GCC_C_LANGUAGE_STANDARD = gnu99;
				GCC_DYNAMIC_NO_PIC = NO;
				GCC_NO_COMMON_BLOCKS = YES;
				GCC_OPTIMIZATION_LEVEL = 0;
				GCC_PREPROCESSOR_DEFINITIONS = (
					"DEBUG=1",
					"$(inherited)",
				);
				GCC_WARN_64_TO_32_BIT_CONVERSION = YES;
				GCC_WARN_ABOUT_RETURN_TYPE = YES_ERROR;
				GCC_WARN_UNDECLARED_SELECTOR = YES;
				GCC_WARN_UNINITIALIZED_AUTOS = YES_AGGRESSIVE;
				GCC_WARN_UNUSED_FUNCTION = YES;
				GCC_WARN_UNUSED_VARIABLE = YES;
				MACOSX_DEPLOYMENT_TARGET = 10.11;
				MTL_ENABLE_DEBUG_INFO = YES;
				ONLY_ACTIVE_ARCH = YES;
				SDKROOT = macosx;
				SWIFT_OPTIMIZATION_LEVEL = "-Onone";
			};
			name = Debug;
		};
		50703AFF1D7EACB8001DAF45 /* Release */ = {
			isa = XCBuildConfiguration;
			buildSettings = {
				ALWAYS_SEARCH_USER_PATHS = NO;
				CLANG_ANALYZER_NONNULL = YES;
				CLANG_CXX_LANGUAGE_STANDARD = "gnu++0x";
				CLANG_CXX_LIBRARY = "libc++";
				CLANG_ENABLE_MODULES = YES;
				CLANG_ENABLE_OBJC_ARC = YES;
				CLANG_WARN_BOOL_CONVERSION = YES;
				CLANG_WARN_CONSTANT_CONVERSION = YES;
				CLANG_WARN_DIRECT_OBJC_ISA_USAGE = YES_ERROR;
				CLANG_WARN_EMPTY_BODY = YES;
				CLANG_WARN_ENUM_CONVERSION = YES;
				CLANG_WARN_INT_CONVERSION = YES;
				CLANG_WARN_OBJC_ROOT_CLASS = YES_ERROR;
				CLANG_WARN_UNREACHABLE_CODE = YES;
				CLANG_WARN__DUPLICATE_METHOD_MATCH = YES;
				CODE_SIGN_IDENTITY = "-";
				COPY_PHASE_STRIP = NO;
				DEBUG_INFORMATION_FORMAT = "dwarf-with-dsym";
				ENABLE_NS_ASSERTIONS = NO;
				ENABLE_STRICT_OBJC_MSGSEND = YES;
				GCC_C_LANGUAGE_STANDARD = gnu99;
				GCC_NO_COMMON_BLOCKS = YES;
				GCC_WARN_64_TO_32_BIT_CONVERSION = YES;
				GCC_WARN_ABOUT_RETURN_TYPE = YES_ERROR;
				GCC_WARN_UNDECLARED_SELECTOR = YES;
				GCC_WARN_UNINITIALIZED_AUTOS = YES_AGGRESSIVE;
				GCC_WARN_UNUSED_FUNCTION = YES;
				GCC_WARN_UNUSED_VARIABLE = YES;
				MACOSX_DEPLOYMENT_TARGET = 10.11;
				MTL_ENABLE_DEBUG_INFO = NO;
				SDKROOT = macosx;
			};
			name = Release;
		};
		50703B011D7EACB8001DAF45 /* Debug */ = {
			isa = XCBuildConfiguration;
			buildSettings = {
				ASSETCATALOG_COMPILER_APPICON_NAME = AppIcon;
				COMBINE_HIDPI_IMAGES = YES;
				FRAMEWORK_SEARCH_PATHS = (
					"$(inherited)",
					"$(PROJECT_DIR)/Carthage/Build/Mac",
				);
				INFOPLIST_FILE = "ReSwift-Todo/Info.plist";
				LD_RUNPATH_SEARCH_PATHS = "$(inherited) @executable_path/../Frameworks";
				PRODUCT_BUNDLE_IDENTIFIER = "reswift.github.io.ReSwift-Todo";
				PRODUCT_MODULE_NAME = ReSwiftTodo;
				PRODUCT_NAME = "$(TARGET_NAME)";
			};
			name = Debug;
		};
		50703B021D7EACB8001DAF45 /* Release */ = {
			isa = XCBuildConfiguration;
			buildSettings = {
				ASSETCATALOG_COMPILER_APPICON_NAME = AppIcon;
				COMBINE_HIDPI_IMAGES = YES;
				FRAMEWORK_SEARCH_PATHS = (
					"$(inherited)",
					"$(PROJECT_DIR)/Carthage/Build/Mac",
				);
				INFOPLIST_FILE = "ReSwift-Todo/Info.plist";
				LD_RUNPATH_SEARCH_PATHS = "$(inherited) @executable_path/../Frameworks";
				PRODUCT_BUNDLE_IDENTIFIER = "reswift.github.io.ReSwift-Todo";
				PRODUCT_MODULE_NAME = ReSwiftTodo;
				PRODUCT_NAME = "$(TARGET_NAME)";
			};
			name = Release;
		};
		50703B041D7EACB8001DAF45 /* Debug */ = {
			isa = XCBuildConfiguration;
			buildSettings = {
				BUNDLE_LOADER = "$(TEST_HOST)";
				CLANG_ENABLE_MODULES = YES;
				COMBINE_HIDPI_IMAGES = YES;
				FRAMEWORK_SEARCH_PATHS = (
					"$(inherited)",
					"$(PROJECT_DIR)/Carthage/Build/Mac",
				);
				INFOPLIST_FILE = "ReSwift-TodoTests/Info.plist";
				LD_RUNPATH_SEARCH_PATHS = "$(inherited) @executable_path/../Frameworks @loader_path/../Frameworks";
				PRODUCT_BUNDLE_IDENTIFIER = "reswift.github.io.ReSwift-TodoTests";
				PRODUCT_NAME = "$(TARGET_NAME)";
				SWIFT_OPTIMIZATION_LEVEL = "-Onone";
				TEST_HOST = "$(BUILT_PRODUCTS_DIR)/ReSwift-Todo.app/Contents/MacOS/ReSwift-Todo";
			};
			name = Debug;
		};
		50703B051D7EACB8001DAF45 /* Release */ = {
			isa = XCBuildConfiguration;
			buildSettings = {
				BUNDLE_LOADER = "$(TEST_HOST)";
				CLANG_ENABLE_MODULES = YES;
				COMBINE_HIDPI_IMAGES = YES;
				FRAMEWORK_SEARCH_PATHS = (
					"$(inherited)",
					"$(PROJECT_DIR)/Carthage/Build/Mac",
				);
				INFOPLIST_FILE = "ReSwift-TodoTests/Info.plist";
				LD_RUNPATH_SEARCH_PATHS = "$(inherited) @executable_path/../Frameworks @loader_path/../Frameworks";
				PRODUCT_BUNDLE_IDENTIFIER = "reswift.github.io.ReSwift-TodoTests";
				PRODUCT_NAME = "$(TARGET_NAME)";
				TEST_HOST = "$(BUILT_PRODUCTS_DIR)/ReSwift-Todo.app/Contents/MacOS/ReSwift-Todo";
			};
			name = Release;
		};
/* End XCBuildConfiguration section */

/* Begin XCConfigurationList section */
		50703ADE1D7EACB8001DAF45 /* Build configuration list for PBXProject "ReSwift-Todo" */ = {
			isa = XCConfigurationList;
			buildConfigurations = (
				50703AFE1D7EACB8001DAF45 /* Debug */,
				50703AFF1D7EACB8001DAF45 /* Release */,
			);
			defaultConfigurationIsVisible = 0;
			defaultConfigurationName = Release;
		};
		50703B001D7EACB8001DAF45 /* Build configuration list for PBXNativeTarget "ReSwift-Todo" */ = {
			isa = XCConfigurationList;
			buildConfigurations = (
				50703B011D7EACB8001DAF45 /* Debug */,
				50703B021D7EACB8001DAF45 /* Release */,
			);
			defaultConfigurationIsVisible = 0;
			defaultConfigurationName = Release;
		};
		50703B031D7EACB8001DAF45 /* Build configuration list for PBXNativeTarget "ReSwift-TodoTests" */ = {
			isa = XCConfigurationList;
			buildConfigurations = (
				50703B041D7EACB8001DAF45 /* Debug */,
				50703B051D7EACB8001DAF45 /* Release */,
			);
			defaultConfigurationIsVisible = 0;
			defaultConfigurationName = Release;
		};
/* End XCConfigurationList section */
	};
	rootObject = 50703ADB1D7EACB8001DAF45 /* Project object */;
}
